<?xml version="1.0" encoding="utf-8"?>
<Project ToolsVersion="4.0" xmlns="http://schemas.microsoft.com/developer/msbuild/2003">
  <ItemGroup>
    <Filter Include="Source Files">
      <UniqueIdentifier>{4FC737F1-C7A5-4376-A066-2A32D752A2FF}</UniqueIdentifier>
      <Extensions>cpp;c;cc;cxx;c++;cppm;ixx;def;odl;idl;hpj;bat;asm;asmx</Extensions>
    </Filter>
    <Filter Include="Source Files\PirateGame">
      <UniqueIdentifier>{d5cfc0e0-f7eb-4a76-8824-cd55baac3938}</UniqueIdentifier>
    </Filter>
    <Filter Include="Source Files\PirateGame\Resource">
      <UniqueIdentifier>{c9b3100f-680b-4224-8112-7622cac8ab9a}</UniqueIdentifier>
    </Filter>
    <Filter Include="Source Files\PirateGame\Header">
      <UniqueIdentifier>{3c081374-03a4-4207-b10d-784cc941e6e8}</UniqueIdentifier>
    </Filter>
    <Filter Include="Source Files\AgarGame">
      <UniqueIdentifier>{16689273-69bb-4788-9fd8-db57fc3ec44f}</UniqueIdentifier>
    </Filter>
    <Filter Include="Source Files\AimTrainer">
      <UniqueIdentifier>{a28c3933-c1ec-4249-b116-fdb2710846e3}</UniqueIdentifier>
    </Filter>
    <Filter Include="Source Files\AimTrainer\Header">
      <UniqueIdentifier>{74eee54c-a922-40a8-8baf-97decc96d51c}</UniqueIdentifier>
    </Filter>
    <Filter Include="Source Files\AimTrainer\Resource">
      <UniqueIdentifier>{b21a73cf-a25b-4a9a-bcac-45f8964cf15c}</UniqueIdentifier>
    </Filter>
    <Filter Include="Source Files\AimTrainer\Resource\Menus">
      <UniqueIdentifier>{b9e13cb0-4f3f-468e-bf1e-2455ec519e4d}</UniqueIdentifier>
    </Filter>
    <Filter Include="Source Files\Globals">
      <UniqueIdentifier>{36d00613-0759-4aeb-88d2-367ef5b6d227}</UniqueIdentifier>
    </Filter>
    <Filter Include="Source Files\Globals\Header">
      <UniqueIdentifier>{f24c3c14-85d8-488c-81d1-cf99b5aef53e}</UniqueIdentifier>
    </Filter>
    <Filter Include="Source Files\Globals\Resource">
      <UniqueIdentifier>{c746ecb4-e2b9-4afa-b8e6-b1826bb1c9d7}</UniqueIdentifier>
    </Filter>
    <Filter Include="Source Files\LightAndShadow">
      <UniqueIdentifier>{16f011dc-dff8-48ae-a701-c50c3c5f74ef}</UniqueIdentifier>
    </Filter>
    <Filter Include="Source Files\LightAndShadow\Resource">
      <UniqueIdentifier>{455340d1-60ec-4576-99f4-1884fc75e2e8}</UniqueIdentifier>
    </Filter>
    <Filter Include="Source Files\LightAndShadow\Header">
      <UniqueIdentifier>{fa1faae3-feb9-4eea-997d-6856397ea9ef}</UniqueIdentifier>
    </Filter>
    <Filter Include="Source Files\Fonts">
      <UniqueIdentifier>{1c099539-5b82-4193-ae18-f4c55d0312ee}</UniqueIdentifier>
    </Filter>
    <Filter Include="Source Files\Sounds">
      <UniqueIdentifier>{9641ba95-52a1-47ed-8ba9-99021f8e2fdd}</UniqueIdentifier>
    </Filter>
    <Filter Include="Source Files\PirateGame\Sprites">
      <UniqueIdentifier>{dc65aab2-fe6a-4de2-9f0d-f92ec7bb5670}</UniqueIdentifier>
    </Filter>
    <Filter Include="Source Files\AgarGame\Header">
      <UniqueIdentifier>{967d6b3b-faf9-4e47-8ba1-bfca2db39d59}</UniqueIdentifier>
    </Filter>
    <Filter Include="Source Files\AgarGame\Resource">
      <UniqueIdentifier>{6f93d334-d648-43ea-993f-7a05789b9810}</UniqueIdentifier>
    </Filter>
    <Filter Include="Source Files\AimTrainer\Header\Menus">
      <UniqueIdentifier>{4711c023-2f2a-4980-bf08-0d32011f64a8}</UniqueIdentifier>
    </Filter>
    <Filter Include="Source Files\AimTrainer\Misc">
      <UniqueIdentifier>{4c0c7a49-4eb5-45a7-870b-d13d770c94d9}</UniqueIdentifier>
    </Filter>
    <Filter Include="Source Files\PirateGame\Header\Game Objects">
      <UniqueIdentifier>{bc09c8c4-0bcd-4cd3-a6b2-745d49618a4f}</UniqueIdentifier>
    </Filter>
    <Filter Include="Source Files\PirateGame\Resource\Game Objects">
      <UniqueIdentifier>{b018a1f3-c6cc-43ad-a07a-44d2d3ddd862}</UniqueIdentifier>
    </Filter>
    <Filter Include="Source Files\PirateGame\Header\Handlers">
      <UniqueIdentifier>{b5b06178-7c86-4a7c-8fcc-636d71394a0b}</UniqueIdentifier>
    </Filter>
    <Filter Include="Source Files\PirateGame\Header\Game World">
      <UniqueIdentifier>{39aa1abd-10d4-411c-853f-915669bd08b3}</UniqueIdentifier>
    </Filter>
    <Filter Include="Source Files\PirateGame\Resource\Game World">
      <UniqueIdentifier>{d5e76b90-b09e-4d55-8822-3d3acc7277df}</UniqueIdentifier>
    </Filter>
    <Filter Include="Source Files\PirateGame\Header\Menus">
      <UniqueIdentifier>{1c8ae4b1-1511-4606-96f2-814a97c9eacc}</UniqueIdentifier>
    </Filter>
    <Filter Include="Source Files\PirateGame\Resource\Menus">
      <UniqueIdentifier>{768869b6-abaf-4fc8-bcc5-6b3f27f3af23}</UniqueIdentifier>
    </Filter>
    <Filter Include="Source Files\PirateGame\Header\Menus\Interactables">
      <UniqueIdentifier>{3aea67d1-c4ac-4fff-8243-069954349ca9}</UniqueIdentifier>
    </Filter>
    <Filter Include="Source Files\PirateGame\Header\Menus\Specific Menus">
      <UniqueIdentifier>{f86961d1-4727-4511-b093-6828b75f8f7b}</UniqueIdentifier>
    </Filter>
    <Filter Include="Source Files\PirateGame\Resource\Menus\Specific Menus">
      <UniqueIdentifier>{5e03704d-56e7-4951-8bc0-0eb6b96d7c4d}</UniqueIdentifier>
    </Filter>
    <Filter Include="Source Files\PirateGame\Resource\Handlers">
      <UniqueIdentifier>{abcba486-6300-4a62-b5ea-27c459d6a44f}</UniqueIdentifier>
    </Filter>
    <Filter Include="Source Files\Platformer">
      <UniqueIdentifier>{4cfd6464-0c50-4681-a0f2-0d66cb35178d}</UniqueIdentifier>
    </Filter>
    <Filter Include="Source Files\Platformer\Header">
      <UniqueIdentifier>{a9b6a249-7554-4790-b6bd-461063ce56cf}</UniqueIdentifier>
    </Filter>
    <Filter Include="Source Files\Platformer\Resource">
      <UniqueIdentifier>{7aadd537-d186-4dc0-be08-af18eb358df3}</UniqueIdentifier>
    </Filter>
    <Filter Include="Source Files\Platformer\Sprites">
      <UniqueIdentifier>{22e0ddb0-eae4-4940-ac57-b86506fe255b}</UniqueIdentifier>
    </Filter>
    <Filter Include="Source Files\PirateGame\Header\Handlers\Ship">
      <UniqueIdentifier>{12adcc94-135b-4a64-9d24-66092e62c457}</UniqueIdentifier>
    </Filter>
    <Filter Include="Source Files\PirateGame\Resource\Handlers\Ship">
      <UniqueIdentifier>{95b2744b-b2ed-496c-85d7-021d199ee118}</UniqueIdentifier>
    </Filter>
    <Filter Include="Source Files\PirateGame\Resource\Menus\Specific Menus\HUD">
      <UniqueIdentifier>{478cc170-fff5-4a17-abec-09835937eee6}</UniqueIdentifier>
    </Filter>
    <Filter Include="Source Files\PirateGame\Header\Menus\Specific Menus\HUD">
      <UniqueIdentifier>{f5b62ebe-05ef-4a9d-80c2-006828cab47d}</UniqueIdentifier>
    </Filter>
    <Filter Include="Source Files\PirateGame\Sprites\Landmass">
      <UniqueIdentifier>{87a6497b-2b5b-4726-80bd-d33dc500088d}</UniqueIdentifier>
    </Filter>
    <Filter Include="Source Files\PirateGame\Sprites\Ship">
      <UniqueIdentifier>{ea394f99-539c-4db0-b29f-0f06a50d1247}</UniqueIdentifier>
    </Filter>
    <Filter Include="Source Files\PirateGame\Header\Game Objects\Ship">
      <UniqueIdentifier>{7ca426fd-d80b-458a-abce-699def22318f}</UniqueIdentifier>
    </Filter>
    <Filter Include="Source Files\PirateGame\Header\Game Objects\General">
      <UniqueIdentifier>{140b16ac-3f70-46ad-a7c0-6e2904d2b3eb}</UniqueIdentifier>
    </Filter>
    <Filter Include="Source Files\PirateGame\Header\Handlers\Ship\Player">
      <UniqueIdentifier>{94cde3c0-f535-4959-a395-0d0567b323c0}</UniqueIdentifier>
    </Filter>
    <Filter Include="Source Files\PirateGame\Header\Handlers\Ship\Enemy">
      <UniqueIdentifier>{bfbafacc-ad97-46fd-a862-02e76c77d81c}</UniqueIdentifier>
    </Filter>
    <Filter Include="Source Files\PirateGame\Header\Handlers\Ship\General">
      <UniqueIdentifier>{f1db4b76-46ec-49a6-99e6-b9b8b3e6b640}</UniqueIdentifier>
    </Filter>
    <Filter Include="Source Files\PirateGame\Header\Handlers\General">
      <UniqueIdentifier>{e6927c2f-81d5-4e28-8f9b-e79db621ad34}</UniqueIdentifier>
    </Filter>
    <Filter Include="Source Files\PirateGame\Resource\Game Objects\Ship">
      <UniqueIdentifier>{24395ad4-457a-4b26-94fa-d008fa98f751}</UniqueIdentifier>
    </Filter>
    <Filter Include="Source Files\PirateGame\Resource\Game Objects\General">
      <UniqueIdentifier>{0d8733dc-65e2-486d-a76d-6fc0ba094df7}</UniqueIdentifier>
    </Filter>
    <Filter Include="Source Files\PirateGame\Resource\Handlers\Ship\General">
      <UniqueIdentifier>{b8458f42-c638-4103-883c-4f871ea81bac}</UniqueIdentifier>
    </Filter>
    <Filter Include="Source Files\PirateGame\Resource\Handlers\Ship\Player">
      <UniqueIdentifier>{8cb1f430-b264-46f5-99c2-1461cf848647}</UniqueIdentifier>
    </Filter>
    <Filter Include="Source Files\PirateGame\Resource\Handlers\Ship\Enemy">
      <UniqueIdentifier>{2d4f734e-6c7b-4759-a2f4-8445e9fd050f}</UniqueIdentifier>
    </Filter>
    <Filter Include="Source Files\PirateGame\Resource\Handlers\General">
      <UniqueIdentifier>{1f4be4c4-dbf7-4e7b-861d-8fe4f996e1ad}</UniqueIdentifier>
    </Filter>
    <Filter Include="Source Files\PirateGame\Header\Handlers\Textures">
      <UniqueIdentifier>{ea42d22e-1bcd-493c-83fc-42966836bd5f}</UniqueIdentifier>
    </Filter>
    <Filter Include="Source Files\PirateGame\Sprites\Interactables">
      <UniqueIdentifier>{d9c67595-4032-4392-9fa1-45bb3664e26b}</UniqueIdentifier>
    </Filter>
    <Filter Include="Source Files\PirateGame\Sprites\HUD">
      <UniqueIdentifier>{eb470bdd-348d-4280-8988-9ede249d7ad2}</UniqueIdentifier>
    </Filter>
    <Filter Include="Source Files\PirateGame\Sprites\Market">
      <UniqueIdentifier>{69218814-f036-4e37-9b92-cbc05c661048}</UniqueIdentifier>
    </Filter>
    <Filter Include="Source Files\PirateGame\Sprites\OptionsMenu">
      <UniqueIdentifier>{69833923-55a9-4a51-b644-93736bb119e3}</UniqueIdentifier>
    </Filter>
    <Filter Include="Source Files\PirateGame\Resource\Menus\General">
      <UniqueIdentifier>{569c305a-83df-4c73-897b-cbf7da8ab774}</UniqueIdentifier>
    </Filter>
    <Filter Include="Source Files\PirateGame\Resource\Menus\Specific Interactables">
      <UniqueIdentifier>{aee0c4e9-d1f5-4b71-8308-851c11c16a77}</UniqueIdentifier>
    </Filter>
    <Filter Include="Source Files\PirateGame\Header\Globals">
      <UniqueIdentifier>{8c0730c1-47a6-4d17-89cf-da9aa2ecddd0}</UniqueIdentifier>
    </Filter>
    <Filter Include="Source Files\PirateGame\Resource\Globals">
      <UniqueIdentifier>{512fd131-aace-4509-89dd-c145e0085c22}</UniqueIdentifier>
    </Filter>
    <Filter Include="Source Files\PirateGame\Header\Handlers\Global">
      <UniqueIdentifier>{20af8692-f631-4d56-ac61-8b8f153d7646}</UniqueIdentifier>
    </Filter>
    <Filter Include="Source Files\PirateGame\Resource\Handlers\Global">
      <UniqueIdentifier>{6847a9b0-289d-4cd6-a307-e92784af1845}</UniqueIdentifier>
    </Filter>
    <Filter Include="Source Files\PirateGame\Header\Menus\General">
      <UniqueIdentifier>{b3bf2cb5-658f-4a36-b785-245f9fd14249}</UniqueIdentifier>
    </Filter>
    <Filter Include="Source Files\DoodleJump">
      <UniqueIdentifier>{8c6a8633-1434-40b1-99f4-cececf63d54e}</UniqueIdentifier>
    </Filter>
    <Filter Include="Source Files\PirateGame\Header\Game Objects\LandMass">
      <UniqueIdentifier>{b845fd1a-a3d2-4610-a93b-061fbaeef99f}</UniqueIdentifier>
    </Filter>
    <Filter Include="Source Files\PirateGame\Sprites\Ship\Sloop">
      <UniqueIdentifier>{7871c43b-41b7-4a91-b36d-a6da5336cd60}</UniqueIdentifier>
    </Filter>
    <Filter Include="Source Files\PirateGame\Sprites\Ship\Brigantine">
      <UniqueIdentifier>{10406f43-55a3-4892-9a61-a7ef355cdd83}</UniqueIdentifier>
    </Filter>
    <Filter Include="Source Files\PirateGame\Sprites\Ship\Frigate">
      <UniqueIdentifier>{e3b50cb7-a4a5-488a-a41a-726077b1c33c}</UniqueIdentifier>
    </Filter>
    <Filter Include="Source Files\PirateGame\Sprites\Ship\Manowar">
      <UniqueIdentifier>{d6da9ef3-51e8-4f78-8463-d3aa8b0b3c3b}</UniqueIdentifier>
    </Filter>
    <Filter Include="Source Files\PirateGame\Sprites\Ship\Galleon">
      <UniqueIdentifier>{f6f3c0a7-1383-4770-91bf-45c18b963a38}</UniqueIdentifier>
    </Filter>
    <Filter Include="Source Files\PirateGame\Sprites\Ship\Misc">
      <UniqueIdentifier>{9a79c1df-08f5-45f0-8720-f4754665f57f}</UniqueIdentifier>
    </Filter>
    <Filter Include="Source Files\PirateGame\Sprites\Market\Item Shop">
      <UniqueIdentifier>{2045a3a0-22b9-4eef-a851-c098dd207b22}</UniqueIdentifier>
    </Filter>
    <Filter Include="Source Files\PirateGame\Sprites\Market\General">
      <UniqueIdentifier>{2e925542-189c-4a7a-9bca-4c1674348cc4}</UniqueIdentifier>
    </Filter>
    <Filter Include="Source Files\PirateGame\Sprites\Market\Ship Shop">
      <UniqueIdentifier>{bd79eecb-26ba-49f3-83fe-eb6e2a60d307}</UniqueIdentifier>
    </Filter>
    <Filter Include="Source Files\PirateGame\Sprites\Market\Initial">
      <UniqueIdentifier>{ef03266c-8b3f-4d74-af7d-2d96f5cc2201}</UniqueIdentifier>
    </Filter>
    <Filter Include="Source Files\PirateGame\Header\Game World\General">
      <UniqueIdentifier>{6441de6a-463c-40b0-9ef3-65725235d209}</UniqueIdentifier>
    </Filter>
    <Filter Include="Source Files\PirateGame\Header\Game World\Worlds">
      <UniqueIdentifier>{e8fdbc7a-08a7-4fef-9e3d-7b9bf56af72c}</UniqueIdentifier>
    </Filter>
    <Filter Include="Source Files\PirateGame\Resource\Game World\General">
      <UniqueIdentifier>{ab7066e6-ec6c-4725-92aa-35a988c6f749}</UniqueIdentifier>
    </Filter>
    <Filter Include="Source Files\PirateGame\Resource\Game World\Worlds">
      <UniqueIdentifier>{5e39b227-35bc-48eb-8467-0ad7c7096c2a}</UniqueIdentifier>
    </Filter>
    <Filter Include="Source Files\PirateGame\JSON">
      <UniqueIdentifier>{77601f0c-99f9-42b6-b2e6-488fed899b11}</UniqueIdentifier>
    </Filter>
    <Filter Include="Source Files\PirateGame\Sprites\World">
      <UniqueIdentifier>{1c90cba4-6c4a-4a25-a67c-84ab9085b1fa}</UniqueIdentifier>
    </Filter>
    <Filter Include="Source Files\PirateGame\Sprites\Menu">
      <UniqueIdentifier>{c0b5adf1-f365-4302-9f51-c92344ec2821}</UniqueIdentifier>
    </Filter>
    <Filter Include="Source Files\PirateGame\Sprites\Inventory Menu">
      <UniqueIdentifier>{0e35a1b4-0ed4-4f80-ba1f-5f632b1b70ef}</UniqueIdentifier>
    </Filter>
    <Filter Include="Source Files\Asteroids">
      <UniqueIdentifier>{e53e3a7a-c20f-4ddf-8d11-2e37b664b728}</UniqueIdentifier>
    </Filter>
    <Filter Include="Source Files\PirateGame\Header\Game Objects\LandMass\General">
      <UniqueIdentifier>{c90df5da-bfe6-4853-a57a-8f46e14d951b}</UniqueIdentifier>
    </Filter>
    <Filter Include="Source Files\PirateGame\Header\Game Objects\LandMass\Specific Landmasses">
      <UniqueIdentifier>{fadeecd3-9df5-469f-86f4-be1dc5142c50}</UniqueIdentifier>
    </Filter>
    <Filter Include="Source Files\PirateGame\Resource\Game Objects\Landmass">
      <UniqueIdentifier>{6d71498f-b51b-4862-a7f8-fdbfe3fdb110}</UniqueIdentifier>
    </Filter>
  </ItemGroup>
  <ItemGroup>
    <ClCompile Include="Globals\Resource\Globals.cpp">
      <Filter>Source Files\Globals\Resource</Filter>
    </ClCompile>
    <ClCompile Include="Globals\Resource\Map.cpp">
      <Filter>Source Files\Globals\Resource</Filter>
    </ClCompile>
    <ClCompile Include="Globals\Resource\Quadtree.cpp">
      <Filter>Source Files\Globals\Resource</Filter>
    </ClCompile>
    <ClCompile Include="LightAndShadow\Resource\Obsticles_LS.cpp">
      <Filter>Source Files\LightAndShadow\Resource</Filter>
    </ClCompile>
    <ClCompile Include="LightAndShadow\Resource\WorldLS.cpp">
      <Filter>Source Files\LightAndShadow\Resource</Filter>
    </ClCompile>
    <ClCompile Include="AgarGame\Resource\CellGroup_AG.cpp">
      <Filter>Source Files\AgarGame\Resource</Filter>
    </ClCompile>
    <ClCompile Include="AgarGame\Resource\Circle_AG.cpp">
      <Filter>Source Files\AgarGame\Resource</Filter>
    </ClCompile>
    <ClCompile Include="AgarGame\Resource\CollisionManager_AG.cpp">
      <Filter>Source Files\AgarGame\Resource</Filter>
    </ClCompile>
    <ClCompile Include="AgarGame\Resource\Debugger_AG.cpp">
      <Filter>Source Files\AgarGame\Resource</Filter>
    </ClCompile>
    <ClCompile Include="AgarGame\Resource\Hashmap_AG.cpp">
      <Filter>Source Files\AgarGame\Resource</Filter>
    </ClCompile>
    <ClCompile Include="AgarGame\Resource\InputHandler_AG.cpp">
      <Filter>Source Files\AgarGame\Resource</Filter>
    </ClCompile>
    <ClCompile Include="AgarGame\Resource\Pellet_AG.cpp">
      <Filter>Source Files\AgarGame\Resource</Filter>
    </ClCompile>
    <ClCompile Include="AgarGame\Resource\PelletHandler_AG.cpp">
      <Filter>Source Files\AgarGame\Resource</Filter>
    </ClCompile>
    <ClCompile Include="AgarGame\Resource\World_AG.cpp">
      <Filter>Source Files\AgarGame\Resource</Filter>
    </ClCompile>
    <ClCompile Include="AimTrainer\Resource\AimTrainerHashmap_AT.cpp">
      <Filter>Source Files\AimTrainer\Resource</Filter>
    </ClCompile>
    <ClCompile Include="AimTrainer\Resource\World_AT.cpp">
      <Filter>Source Files\AimTrainer\Resource</Filter>
    </ClCompile>
    <ClCompile Include="AimTrainer\Resource\Crosshair_AT.cpp">
      <Filter>Source Files\AimTrainer\Resource</Filter>
    </ClCompile>
    <ClCompile Include="AimTrainer\Resource\SaveData_AT.cpp">
      <Filter>Source Files\AimTrainer\Resource</Filter>
    </ClCompile>
    <ClCompile Include="AimTrainer\Resource\Target_AT.cpp">
      <Filter>Source Files\AimTrainer\Resource</Filter>
    </ClCompile>
    <ClCompile Include="AimTrainer\Resource\EndMenu_AT.cpp">
      <Filter>Source Files\AimTrainer\Resource\Menus</Filter>
    </ClCompile>
    <ClCompile Include="AimTrainer\Resource\InsetNameMenu_AT.cpp">
      <Filter>Source Files\AimTrainer\Resource\Menus</Filter>
    </ClCompile>
    <ClCompile Include="AimTrainer\Resource\Interactables_AT.cpp">
      <Filter>Source Files\AimTrainer\Resource\Menus</Filter>
    </ClCompile>
    <ClCompile Include="AimTrainer\Resource\LeaderBoardMenu_AT.cpp">
      <Filter>Source Files\AimTrainer\Resource\Menus</Filter>
    </ClCompile>
    <ClCompile Include="AimTrainer\Resource\Menu_AT.cpp">
      <Filter>Source Files\AimTrainer\Resource\Menus</Filter>
    </ClCompile>
    <ClCompile Include="AimTrainer\Resource\MenuHandler_AT.cpp">
      <Filter>Source Files\AimTrainer\Resource\Menus</Filter>
    </ClCompile>
    <ClCompile Include="AimTrainer\Resource\OptionsMenu_AT.cpp">
      <Filter>Source Files\AimTrainer\Resource\Menus</Filter>
    </ClCompile>
    <ClCompile Include="AimTrainer\Resource\PlayerInputBox_AT.cpp">
      <Filter>Source Files\AimTrainer\Resource\Menus</Filter>
    </ClCompile>
    <ClCompile Include="AimTrainer\Resource\StartMenu_AT.cpp">
      <Filter>Source Files\AimTrainer\Resource\Menus</Filter>
    </ClCompile>
    <ClCompile Include="Globals\Resource\GameTemplate.cpp">
      <Filter>Source Files\Globals\Resource</Filter>
    </ClCompile>
    <ClCompile Include="PirateGame\Resource\Button_PG.cpp">
      <Filter>Source Files\PirateGame\Resource\Menus\Specific Interactables</Filter>
    </ClCompile>
    <ClCompile Include="PirateGame\Resource\Slider_PG.cpp">
      <Filter>Source Files\PirateGame\Resource\Menus\Specific Interactables</Filter>
    </ClCompile>
    <ClCompile Include="PirateGame\Resource\TextDisplayBox_PG.cpp">
      <Filter>Source Files\PirateGame\Resource\Menus\Specific Interactables</Filter>
    </ClCompile>
    <ClCompile Include="PirateGame\Resource\TextInpuBox_PG.cpp">
      <Filter>Source Files\PirateGame\Resource\Menus\Specific Interactables</Filter>
    </ClCompile>
    <ClCompile Include="PirateGame\Resource\StartMenu_PG.cpp">
      <Filter>Source Files\PirateGame\Resource\Menus\Specific Menus</Filter>
    </ClCompile>
    <ClCompile Include="PirateGame\Resource\OptionsMenu_PG.cpp">
      <Filter>Source Files\PirateGame\Resource\Menus\Specific Menus</Filter>
    </ClCompile>
    <ClCompile Include="PirateGame\Resource\DropDown_PG.cpp">
      <Filter>Source Files\PirateGame\Resource\Menus\Specific Interactables</Filter>
    </ClCompile>
    <ClCompile Include="Platformer Game\Resource\Player_Plat.cpp">
      <Filter>Source Files\Platformer\Resource</Filter>
    </ClCompile>
    <ClCompile Include="Platformer Game\Resource\World_Plat.cpp">
      <Filter>Source Files\Platformer\Resource</Filter>
    </ClCompile>
    <ClCompile Include="Platformer Game\Resource\Textures_Plat.cpp">
      <Filter>Source Files\Platformer\Resource</Filter>
    </ClCompile>
    <ClCompile Include="Platformer Game\Resource\Platforms_Plat.cpp">
      <Filter>Source Files\Platformer\Resource</Filter>
    </ClCompile>
    <ClCompile Include="PirateGame\Resource\IslandMenu_PG.cpp">
      <Filter>Source Files\PirateGame\Resource\Menus\Specific Menus</Filter>
    </ClCompile>
    <ClCompile Include="PirateGame\Resource\inGameHUD_PG.cpp">
      <Filter>Source Files\PirateGame\Resource\Menus\Specific Menus\HUD</Filter>
    </ClCompile>
    <ClCompile Include="PirateGame\Resource\Minimap_PG.cpp">
      <Filter>Source Files\PirateGame\Resource\Menus\Specific Menus\HUD</Filter>
    </ClCompile>
    <ClCompile Include="PirateGame\Resource\EnemyShip_PG.cpp">
      <Filter>Source Files\PirateGame\Resource\Game Objects\Ship</Filter>
    </ClCompile>
    <ClCompile Include="PirateGame\Resource\Cannonball_PG.cpp">
      <Filter>Source Files\PirateGame\Resource\Game Objects\Ship</Filter>
    </ClCompile>
    <ClCompile Include="PirateGame\Resource\PlayerShip_PG.cpp">
      <Filter>Source Files\PirateGame\Resource\Game Objects\Ship</Filter>
    </ClCompile>
    <ClCompile Include="PirateGame\Resource\Ship_PG.cpp">
      <Filter>Source Files\PirateGame\Resource\Game Objects\Ship</Filter>
    </ClCompile>
    <ClCompile Include="PirateGame\Resource\ShopItem_PG.cpp">
      <Filter>Source Files\PirateGame\Resource\Game Objects\General</Filter>
    </ClCompile>
    <ClCompile Include="PirateGame\Resource\Player_PG.cpp">
      <Filter>Source Files\PirateGame\Resource\Game Objects\General</Filter>
    </ClCompile>
    <ClCompile Include="PirateGame\Resource\ShipCannonHandler_PG.cpp">
      <Filter>Source Files\PirateGame\Resource\Handlers\Ship\General</Filter>
    </ClCompile>
    <ClCompile Include="PirateGame\Resource\ShipInputHandler_PG.cpp">
      <Filter>Source Files\PirateGame\Resource\Handlers\Ship\General</Filter>
    </ClCompile>
    <ClCompile Include="PirateGame\Resource\ShipInventoryHandler_PG.cpp">
      <Filter>Source Files\PirateGame\Resource\Handlers\Ship\General</Filter>
    </ClCompile>
    <ClCompile Include="PirateGame\Resource\ShipMovementHandler_PG.cpp">
      <Filter>Source Files\PirateGame\Resource\Handlers\Ship\General</Filter>
    </ClCompile>
    <ClCompile Include="PirateGame\Resource\LandMassHandler_PG.cpp">
      <Filter>Source Files\PirateGame\Resource\Handlers\General</Filter>
    </ClCompile>
    <ClCompile Include="PirateGame\Resource\MenuHandler_PG.cpp">
      <Filter>Source Files\PirateGame\Resource\Handlers\General</Filter>
    </ClCompile>
    <ClCompile Include="PirateGame\Resource\WindController_PG.cpp">
      <Filter>Source Files\PirateGame\Resource\Handlers\General</Filter>
    </ClCompile>
    <ClCompile Include="PirateGame\Resource\EnemyShipInputHandler_PG.cpp">
      <Filter>Source Files\PirateGame\Resource\Handlers\Ship\Enemy</Filter>
    </ClCompile>
    <ClCompile Include="PirateGame\Resource\EnemyShipMovementHandler_PG.cpp">
      <Filter>Source Files\PirateGame\Resource\Handlers\Ship\Enemy</Filter>
    </ClCompile>
    <ClCompile Include="PirateGame\Resource\PlayerShipInputHandler_PG.cpp">
      <Filter>Source Files\PirateGame\Resource\Handlers\Ship\Player</Filter>
    </ClCompile>
    <ClCompile Include="PirateGame\Resource\PlayerShipMovementHandler_PG.cpp">
      <Filter>Source Files\PirateGame\Resource\Handlers\Ship\Player</Filter>
    </ClCompile>
    <ClCompile Include="PirateGame\Resource\Menu_PG.cpp">
      <Filter>Source Files\PirateGame\Resource\Menus\General</Filter>
    </ClCompile>
    <ClCompile Include="PirateGame\Resource\Interactable_PG.cpp">
      <Filter>Source Files\PirateGame\Resource\Menus\General</Filter>
    </ClCompile>
    <ClCompile Include="PirateGame\Resource\CollisionManager_PG.cpp">
      <Filter>Source Files\PirateGame\Resource\Handlers\General</Filter>
    </ClCompile>
    <ClCompile Include="PirateGame\Resource\EnemyShipHandler_PG.cpp">
      <Filter>Source Files\PirateGame\Resource\Handlers\Ship\Enemy</Filter>
    </ClCompile>
    <ClCompile Include="PirateGame\Resource\GlobalSoundManager.cpp">
      <Filter>Source Files\PirateGame\Resource\Handlers\Global</Filter>
    </ClCompile>
    <ClCompile Include="PirateGame\Resource\ShipGroup_PG.cpp">
      <Filter>Source Files\PirateGame\Resource\Handlers\Ship\General</Filter>
    </ClCompile>
    <ClCompile Include="PirateGame\Resource\BattleManager_PG.cpp">
      <Filter>Source Files\PirateGame\Resource\Handlers\Ship\Enemy</Filter>
    </ClCompile>
    <ClCompile Include="PirateGame\Resource\ShipSailHandler_PG.cpp">
      <Filter>Source Files\PirateGame\Resource\Handlers\Ship\General</Filter>
    </ClCompile>
    <ClCompile Include="PirateGame\Resource\ShipCannon_PG.cpp">
      <Filter>Source Files\PirateGame\Resource\Game Objects\Ship</Filter>
    </ClCompile>
    <ClCompile Include="PirateGame\Resource\ShipSail_PG.cpp">
      <Filter>Source Files\PirateGame\Resource\Game Objects\Ship</Filter>
    </ClCompile>
    <ClCompile Include="PirateGame\Resource\QuadtreeTemplate_PG.cpp">
      <Filter>Source Files\PirateGame\Resource\Game World\General</Filter>
    </ClCompile>
    <ClCompile Include="PirateGame\Resource\View_PG.cpp">
      <Filter>Source Files\PirateGame\Resource\Game World\General</Filter>
    </ClCompile>
    <ClCompile Include="PirateGame\Resource\World_PG.cpp">
      <Filter>Source Files\PirateGame\Resource\Game World\Worlds</Filter>
    </ClCompile>
    <ClCompile Include="PirateGame\Resource\WorldDebug_PG.cpp">
      <Filter>Source Files\PirateGame\Resource\Game World\Worlds</Filter>
    </ClCompile>
    <ClCompile Include="PirateGame\Resource\WorldDefault_PG.cpp">
      <Filter>Source Files\PirateGame\Resource\Game World\Worlds</Filter>
    </ClCompile>
    <ClCompile Include="PirateGame\Resource\WorldLMAvoid_PG.cpp">
      <Filter>Source Files\PirateGame\Resource\Game World\Worlds</Filter>
    </ClCompile>
    <ClCompile Include="PirateGame\Resource\WorldESAvoid_PG.cpp">
      <Filter>Source Files\PirateGame\Resource\Game World\Worlds</Filter>
    </ClCompile>
    <ClCompile Include="PirateGame\Resource\AstarAlgorithm_PG.cpp">
      <Filter>Source Files\PirateGame\Resource\Game World\General</Filter>
    </ClCompile>
    <ClCompile Include="PirateGame\Resource\InventoryMenu_PG.cpp">
      <Filter>Source Files\PirateGame\Resource\Menus\Specific Menus</Filter>
    </ClCompile>
    <ClCompile Include="PirateGame\Resource\ScrollBar_PG.cpp">
      <Filter>Source Files\PirateGame\Resource\Menus\General</Filter>
    </ClCompile>
    <ClCompile Include="Asteroids\Resource\World_AR.cpp">
      <Filter>Source Files\Asteroids</Filter>
    </ClCompile>
    <ClCompile Include="main.cpp">
      <Filter>Source Files</Filter>
    </ClCompile>
    <ClCompile Include="PirateGame\Resource\LandMass_PG.cpp">
      <Filter>Source Files\PirateGame\Resource\Game Objects\Landmass</Filter>
    </ClCompile>
    <ClCompile Include="PirateGame\Resource\Island_PG.cpp">
      <Filter>Source Files\PirateGame\Resource\Game Objects\Landmass</Filter>
    </ClCompile>
    <ClCompile Include="PirateGame\Resource\Rock_PG.cpp">
      <Filter>Source Files\PirateGame\Resource\Game Objects\Landmass</Filter>
    </ClCompile>
    <ClCompile Include="PirateGame\Resource\Shipwreck_PG.cpp">
      <Filter>Source Files\PirateGame\Resource\Game Objects\Landmass</Filter>
    </ClCompile>
    <ClCompile Include="PirateGame\Resource\RegionHandler_PG.cpp">
      <Filter>Source Files\PirateGame\Resource\Handlers\General</Filter>
    </ClCompile>
    <ClCompile Include="PirateGame\Resource\WorldPlayerOnly_PG.cpp">
      <Filter>Source Files\PirateGame\Resource\Game World\Worlds</Filter>
    </ClCompile>
    <ClCompile Include="PirateGame\Resource\ChunkHandler_PG.cpp">
      <Filter>Source Files\PirateGame\Resource\Globals</Filter>
    </ClCompile>
    <ClCompile Include="PirateGame\Resource\Input_PG.cpp">
      <Filter>Source Files</Filter>
    </ClCompile>
    <ClCompile Include="PirateGame\Resource\Globals_PG.cpp">
      <Filter>Source Files</Filter>
    </ClCompile>
  </ItemGroup>
  <ItemGroup>
    <ClInclude Include="Globals\Header\Globals.h">
      <Filter>Source Files\Globals\Header</Filter>
    </ClInclude>
    <ClInclude Include="Globals\Header\Map.h">
      <Filter>Source Files\Globals\Header</Filter>
    </ClInclude>
    <ClInclude Include="Globals\Header\Quadtree.h">
      <Filter>Source Files\Globals\Header</Filter>
    </ClInclude>
    <ClInclude Include="LightAndShadow\Header\Obsticles_LS.h">
      <Filter>Source Files\LightAndShadow\Header</Filter>
    </ClInclude>
    <ClInclude Include="LightAndShadow\Header\WorldLS.h">
      <Filter>Source Files\LightAndShadow\Header</Filter>
    </ClInclude>
    <ClInclude Include="AgarGame\Header\CellGroup_AG.h">
      <Filter>Source Files\AgarGame\Header</Filter>
    </ClInclude>
    <ClInclude Include="AgarGame\Header\Circle_AG.h">
      <Filter>Source Files\AgarGame\Header</Filter>
    </ClInclude>
    <ClInclude Include="AgarGame\Header\CollisionManager_AG.h">
      <Filter>Source Files\AgarGame\Header</Filter>
    </ClInclude>
    <ClInclude Include="AgarGame\Header\Debugger_AG.h">
      <Filter>Source Files\AgarGame\Header</Filter>
    </ClInclude>
    <ClInclude Include="AgarGame\Header\Hashmap_AG.h">
      <Filter>Source Files\AgarGame\Header</Filter>
    </ClInclude>
    <ClInclude Include="AgarGame\Header\InputHandler_AG.h">
      <Filter>Source Files\AgarGame\Header</Filter>
    </ClInclude>
    <ClInclude Include="AgarGame\Header\Pellet_AG.h">
      <Filter>Source Files\AgarGame\Header</Filter>
    </ClInclude>
    <ClInclude Include="AgarGame\Header\PelletHandler_AG.h">
      <Filter>Source Files\AgarGame\Header</Filter>
    </ClInclude>
    <ClInclude Include="AgarGame\Header\World_AG.h">
      <Filter>Source Files\AgarGame\Header</Filter>
    </ClInclude>
    <ClInclude Include="AimTrainer\Header\AimTrainerHashmap_AT.h">
      <Filter>Source Files\AimTrainer\Header</Filter>
    </ClInclude>
    <ClInclude Include="AimTrainer\Header\World_AT.h">
      <Filter>Source Files\AimTrainer\Header</Filter>
    </ClInclude>
    <ClInclude Include="AimTrainer\Header\Crosshair_AT.h">
      <Filter>Source Files\AimTrainer\Header</Filter>
    </ClInclude>
    <ClInclude Include="AimTrainer\Header\GameStateManager_AT.h">
      <Filter>Source Files\AimTrainer\Header</Filter>
    </ClInclude>
    <ClInclude Include="AimTrainer\Header\SaveData_AT.h">
      <Filter>Source Files\AimTrainer\Header</Filter>
    </ClInclude>
    <ClInclude Include="AimTrainer\Header\Target_AT.h">
      <Filter>Source Files\AimTrainer\Header</Filter>
    </ClInclude>
    <ClInclude Include="AimTrainer\Header\EndMenu_AT.h">
      <Filter>Source Files\AimTrainer\Header\Menus</Filter>
    </ClInclude>
    <ClInclude Include="AimTrainer\Header\InsertNameMenu_AT.h">
      <Filter>Source Files\AimTrainer\Header\Menus</Filter>
    </ClInclude>
    <ClInclude Include="AimTrainer\Header\Interactables_AT.h">
      <Filter>Source Files\AimTrainer\Header\Menus</Filter>
    </ClInclude>
    <ClInclude Include="AimTrainer\Header\LeaderBoardMenu_AT.h">
      <Filter>Source Files\AimTrainer\Header\Menus</Filter>
    </ClInclude>
    <ClInclude Include="AimTrainer\Header\Menu_AT.h">
      <Filter>Source Files\AimTrainer\Header\Menus</Filter>
    </ClInclude>
    <ClInclude Include="AimTrainer\Header\MenuHandler_AT.h">
      <Filter>Source Files\AimTrainer\Header\Menus</Filter>
    </ClInclude>
    <ClInclude Include="AimTrainer\Header\OptionsMenu_AT.h">
      <Filter>Source Files\AimTrainer\Header\Menus</Filter>
    </ClInclude>
    <ClInclude Include="AimTrainer\Header\PlayerInputBox_AT.h">
      <Filter>Source Files\AimTrainer\Header\Menus</Filter>
    </ClInclude>
    <ClInclude Include="AimTrainer\Header\StartMenu_AT.h">
      <Filter>Source Files\AimTrainer\Header\Menus</Filter>
    </ClInclude>
    <ClInclude Include="Globals\Header\GameTemplate.h">
      <Filter>Source Files\Globals\Header</Filter>
    </ClInclude>
    <ClInclude Include="PirateGame\Header\Button_PG.h">
      <Filter>Source Files\PirateGame\Header\Menus\Interactables</Filter>
    </ClInclude>
    <ClInclude Include="PirateGame\Header\Slider_PG.h">
      <Filter>Source Files\PirateGame\Header\Menus\Interactables</Filter>
    </ClInclude>
    <ClInclude Include="PirateGame\Header\TextDisplayBox_PG.h">
      <Filter>Source Files\PirateGame\Header\Menus\Interactables</Filter>
    </ClInclude>
    <ClInclude Include="PirateGame\Header\TextInpuBox_PG.h">
      <Filter>Source Files\PirateGame\Header\Menus\Interactables</Filter>
    </ClInclude>
    <ClInclude Include="PirateGame\Header\StartMenu_PG.h">
      <Filter>Source Files\PirateGame\Header\Menus\Specific Menus</Filter>
    </ClInclude>
    <ClInclude Include="PirateGame\Header\OptionsMenu_PG.h">
      <Filter>Source Files\PirateGame\Header\Menus\Specific Menus</Filter>
    </ClInclude>
    <ClInclude Include="PirateGame\Header\DropDown_PG.h">
      <Filter>Source Files\PirateGame\Header\Menus\Interactables</Filter>
    </ClInclude>
    <ClInclude Include="Platformer Game\Header\Player_Plat.h">
      <Filter>Source Files\Platformer\Header</Filter>
    </ClInclude>
    <ClInclude Include="Platformer Game\Header\World_Plat.h">
      <Filter>Source Files\Platformer\Header</Filter>
    </ClInclude>
    <ClInclude Include="Platformer Game\Header\Textures_Plat.h">
      <Filter>Source Files\Platformer\Header</Filter>
    </ClInclude>
    <ClInclude Include="Platformer Game\Header\Platforms_Plat.h">
      <Filter>Source Files\Platformer\Header</Filter>
    </ClInclude>
    <ClInclude Include="Globals\Header\Credits.h">
      <Filter>Source Files\Globals\Header</Filter>
    </ClInclude>
    <ClInclude Include="PirateGame\Header\IslandMenu_PG.h">
      <Filter>Source Files\PirateGame\Header\Menus\Specific Menus</Filter>
    </ClInclude>
    <ClInclude Include="PirateGame\Header\Minimap_PG.h">
      <Filter>Source Files\PirateGame\Header\Menus\Specific Menus\HUD</Filter>
    </ClInclude>
    <ClInclude Include="PirateGame\Header\InGameHUD_PG.h">
      <Filter>Source Files\PirateGame\Header\Menus\Specific Menus\HUD</Filter>
    </ClInclude>
    <ClInclude Include="PirateGame\Header\Player_PG.h">
      <Filter>Source Files\PirateGame\Header\Game Objects\General</Filter>
    </ClInclude>
    <ClInclude Include="PirateGame\Header\EnemyShip_PG.h">
      <Filter>Source Files\PirateGame\Header\Game Objects\Ship</Filter>
    </ClInclude>
    <ClInclude Include="PirateGame\Header\Ship_PG.h">
      <Filter>Source Files\PirateGame\Header\Game Objects\Ship</Filter>
    </ClInclude>
    <ClInclude Include="PirateGame\Header\PlayerShip_PG.h">
      <Filter>Source Files\PirateGame\Header\Game Objects\Ship</Filter>
    </ClInclude>
    <ClInclude Include="PirateGame\Header\Cannonball_PG.h">
      <Filter>Source Files\PirateGame\Header\Game Objects\Ship</Filter>
    </ClInclude>
    <ClInclude Include="PirateGame\Header\ShopItem_PG.h">
      <Filter>Source Files\PirateGame\Header\Game Objects\General</Filter>
    </ClInclude>
    <ClInclude Include="PirateGame\Header\ShipCannonHandler_PG.h">
      <Filter>Source Files\PirateGame\Header\Handlers\Ship\General</Filter>
    </ClInclude>
    <ClInclude Include="PirateGame\Header\ShipInventoryHandler_PG.h">
      <Filter>Source Files\PirateGame\Header\Handlers\Ship\General</Filter>
    </ClInclude>
    <ClInclude Include="PirateGame\Header\ShipMovementHandler_PG.h">
      <Filter>Source Files\PirateGame\Header\Handlers\Ship\General</Filter>
    </ClInclude>
    <ClInclude Include="PirateGame\Header\ShipInputHandler_PG.h">
      <Filter>Source Files\PirateGame\Header\Handlers\Ship\General</Filter>
    </ClInclude>
    <ClInclude Include="PirateGame\Header\EnemyShipInputHandler_PG.h">
      <Filter>Source Files\PirateGame\Header\Handlers\Ship\Enemy</Filter>
    </ClInclude>
    <ClInclude Include="PirateGame\Header\EnemyShipMovementHandler_PG.h">
      <Filter>Source Files\PirateGame\Header\Handlers\Ship\Enemy</Filter>
    </ClInclude>
    <ClInclude Include="PirateGame\Header\PlayerShipInputHandler_PG.h">
      <Filter>Source Files\PirateGame\Header\Handlers\Ship\Player</Filter>
    </ClInclude>
    <ClInclude Include="PirateGame\Header\PlayerShipMovementHandler_PG.h">
      <Filter>Source Files\PirateGame\Header\Handlers\Ship\Player</Filter>
    </ClInclude>
    <ClInclude Include="PirateGame\Header\LandMassHandler_PG.h">
      <Filter>Source Files\PirateGame\Header\Handlers\General</Filter>
    </ClInclude>
    <ClInclude Include="PirateGame\Header\MenuHandler_PG.h">
      <Filter>Source Files\PirateGame\Header\Handlers\General</Filter>
    </ClInclude>
    <ClInclude Include="PirateGame\Header\TextureHandler_PG.h">
      <Filter>Source Files\PirateGame\Header\Handlers\Textures</Filter>
    </ClInclude>
    <ClInclude Include="PirateGame\Header\InteractableTextures_PG.h">
      <Filter>Source Files\PirateGame\Header\Handlers\Textures</Filter>
    </ClInclude>
    <ClInclude Include="PirateGame\Header\LandMassTextures_PG.h">
      <Filter>Source Files\PirateGame\Header\Handlers\Textures</Filter>
    </ClInclude>
    <ClInclude Include="PirateGame\Header\HUDTextures_PG.h">
      <Filter>Source Files\PirateGame\Header\Handlers\Textures</Filter>
    </ClInclude>
    <ClInclude Include="PirateGame\Header\OptionsMenuTextureHandler_PG.h">
      <Filter>Source Files\PirateGame\Header\Handlers\Textures</Filter>
    </ClInclude>
    <ClInclude Include="PirateGame\Header\MarketTextureHandler_PG.h">
      <Filter>Source Files\PirateGame\Header\Handlers\Textures</Filter>
    </ClInclude>
    <ClInclude Include="PirateGame\Header\CollisionManager_PG.h">
      <Filter>Source Files\PirateGame\Header\Handlers\General</Filter>
    </ClInclude>
    <ClInclude Include="PirateGame\Header\EnemyShipHandler_PG.h">
      <Filter>Source Files\PirateGame\Header\Handlers\Ship\Enemy</Filter>
    </ClInclude>
    <ClInclude Include="PirateGame\Header\ShipTextureHandler_PG.h">
      <Filter>Source Files\PirateGame\Header\Handlers\Textures</Filter>
    </ClInclude>
    <ClInclude Include="PirateGame\Header\GlobalTextureHandler_PG.h">
      <Filter>Source Files\PirateGame\Header\Handlers\Global</Filter>
    </ClInclude>
    <ClInclude Include="PirateGame\Header\GlobalSoundManager_PG.h">
      <Filter>Source Files\PirateGame\Header\Handlers\Global</Filter>
    </ClInclude>
    <ClInclude Include="PirateGame\Header\WindHandler_PG.h">
      <Filter>Source Files\PirateGame\Header\Handlers\Global</Filter>
    </ClInclude>
    <ClInclude Include="PirateGame\Header\Menu_PG.h">
      <Filter>Source Files\PirateGame\Header\Menus\General</Filter>
    </ClInclude>
    <ClInclude Include="PirateGame\Header\Interactable_PG.h">
      <Filter>Source Files\PirateGame\Header\Menus\General</Filter>
    </ClInclude>
    <ClInclude Include="DoodleJump\World_DJ.h">
      <Filter>Source Files\DoodleJump</Filter>
    </ClInclude>
    <ClInclude Include="PirateGame\Header\GlobalIDManager_PG.h">
      <Filter>Source Files\PirateGame\Header\Handlers\Global</Filter>
    </ClInclude>
    <ClInclude Include="PirateGame\Header\ShipGroup_PG.h">
      <Filter>Source Files\PirateGame\Header\Handlers\Ship\General</Filter>
    </ClInclude>
    <ClInclude Include="PirateGame\Header\TextureResourceManager_PG.h">
      <Filter>Source Files\PirateGame\Header\Handlers\Textures</Filter>
    </ClInclude>
    <ClInclude Include="PirateGame\Header\ShipEnums_PG.h">
      <Filter>Source Files\PirateGame\Header\Game Objects\Ship</Filter>
    </ClInclude>
    <ClInclude Include="PirateGame\Header\BattleManager_PG.h">
      <Filter>Source Files\PirateGame\Header\Handlers\Ship\Enemy</Filter>
    </ClInclude>
    <ClInclude Include="PirateGame\Header\ShipSailHandler_PG.h">
      <Filter>Source Files\PirateGame\Header\Handlers\Ship\General</Filter>
    </ClInclude>
    <ClInclude Include="PirateGame\Header\ShipCannon_PG.h">
      <Filter>Source Files\PirateGame\Header\Game Objects\Ship</Filter>
    </ClInclude>
    <ClInclude Include="PirateGame\Header\ShipSail_PG.h">
      <Filter>Source Files\PirateGame\Header\Game Objects\Ship</Filter>
    </ClInclude>
    <ClInclude Include="Globals\Header\VectorMath.h">
      <Filter>Source Files\Globals\Header</Filter>
    </ClInclude>
    <ClInclude Include="PirateGame\Header\QuadtreeTemplate_PG.h">
      <Filter>Source Files\PirateGame\Header\Game World\General</Filter>
    </ClInclude>
    <ClInclude Include="PirateGame\Header\View_PG.h">
      <Filter>Source Files\PirateGame\Header\Game World\General</Filter>
    </ClInclude>
    <ClInclude Include="PirateGame\Header\World_PG.h">
      <Filter>Source Files\PirateGame\Header\Game World\Worlds</Filter>
    </ClInclude>
    <ClInclude Include="PirateGame\Header\WorldFactory_PG.h">
      <Filter>Source Files\PirateGame\Header\Game World\Worlds</Filter>
    </ClInclude>
    <ClInclude Include="PirateGame\Header\WorldDefault_PG.h">
      <Filter>Source Files\PirateGame\Header\Game World\Worlds</Filter>
    </ClInclude>
    <ClInclude Include="PirateGame\Header\WorldLMAvoid_PG.h">
      <Filter>Source Files\PirateGame\Header\Game World\Worlds</Filter>
    </ClInclude>
    <ClInclude Include="PirateGame\Header\WorldDebug_PG.h">
      <Filter>Source Files\PirateGame\Header\Game World\Worlds</Filter>
    </ClInclude>
    <ClInclude Include="PirateGame\Header\WorldESAvoid_PG.h">
      <Filter>Source Files\PirateGame\Header\Game World\Worlds</Filter>
    </ClInclude>
    <ClInclude Include="PirateGame\Header\AstarAlgorithm_PG.h">
      <Filter>Source Files\PirateGame\Header\Game World\General</Filter>
    </ClInclude>
    <ClInclude Include="PirateGame\Header\WaterTiler_PG.h">
      <Filter>Source Files\PirateGame\Header\Game Objects\General</Filter>
    </ClInclude>
    <ClInclude Include="PirateGame\Header\AnimationHandler_PG.h">
      <Filter>Source Files\PirateGame\Header\Handlers\General</Filter>
    </ClInclude>
    <ClInclude Include="PirateGame\Header\InventoryMenu_PG.h">
      <Filter>Source Files\PirateGame\Header\Menus\Specific Menus</Filter>
    </ClInclude>
    <ClInclude Include="PirateGame\Header\ScrollBar_PG.h">
      <Filter>Source Files\PirateGame\Header\Menus\General</Filter>
    </ClInclude>
    <ClInclude Include="PirateGame\Header\InventoryTextures_PG.h">
      <Filter>Source Files\PirateGame\Header\Handlers\Textures</Filter>
    </ClInclude>
    <ClInclude Include="Asteroids\Header\World_AR.h">
      <Filter>Source Files\Asteroids</Filter>
    </ClInclude>
    <ClInclude Include="PirateGame\Header\LandMass_PG.h">
      <Filter>Source Files\PirateGame\Header\Game Objects\LandMass\General</Filter>
    </ClInclude>
    <ClInclude Include="PirateGame\Header\LandMassType_PG.h">
      <Filter>Source Files\PirateGame\Header\Game Objects\LandMass\General</Filter>
    </ClInclude>
    <ClInclude Include="PirateGame\Header\LandMassTypeGenerator_PG.h">
      <Filter>Source Files\PirateGame\Header\Game Objects\LandMass\General</Filter>
    </ClInclude>
    <ClInclude Include="PirateGame\Header\Island_PG.h">
      <Filter>Source Files\PirateGame\Header\Game Objects\LandMass\Specific Landmasses</Filter>
    </ClInclude>
    <ClInclude Include="PirateGame\Header\Rock_PG.h">
      <Filter>Source Files\PirateGame\Header\Game Objects\LandMass\Specific Landmasses</Filter>
    </ClInclude>
    <ClInclude Include="PirateGame\Header\Shipwreck_PG.h">
      <Filter>Source Files\PirateGame\Header\Game Objects\LandMass\Specific Landmasses</Filter>
    </ClInclude>
    <ClInclude Include="PirateGame\Header\RegionHandler_PG.h">
      <Filter>Source Files\PirateGame\Header\Handlers\General</Filter>
    </ClInclude>
    <ClInclude Include="PirateGame\Header\Region_PG.h">
      <Filter>Source Files\PirateGame\Header\Game World\General</Filter>
    </ClInclude>
    <ClInclude Include="PirateGame\Header\Chunk_PG.h">
      <Filter>Source Files\PirateGame\Header\Game World\General</Filter>
    </ClInclude>
    <ClInclude Include="PirateGame\Header\ChunkHandler_PG.h">
      <Filter>Source Files\PirateGame\Header\Handlers\Global</Filter>
    </ClInclude>
    <ClInclude Include="PirateGame\Header\GlobalContext_PG.h">
      <Filter>Source Files\PirateGame\Header\Globals</Filter>
    </ClInclude>
    <ClInclude Include="PirateGame\json\json.hpp">
      <Filter>Source Files\PirateGame\JSON</Filter>
    </ClInclude>
    <ClInclude Include="PirateGame\Header\JSONLoader_PG.h">
      <Filter>Source Files\PirateGame\Header\Globals</Filter>
    </ClInclude>
    <ClInclude Include="PirateGame\Header\GameConfigStructs_PG.h">
      <Filter>Source Files\PirateGame\Header\Globals</Filter>
    </ClInclude>
    <ClInclude Include="PirateGame\Header\WorldPlayerOnly_PG.h">
      <Filter>Source Files\PirateGame\Header\Game World\Worlds</Filter>
    </ClInclude>
    <ClInclude Include="PirateGame\Header\JSONSave_PG.h" />
    <ClInclude Include="PirateGame\Header\Clock_PG.h" />
    <ClInclude Include="PirateGame\Header\GameState_PG.h" />
    <ClInclude Include="PirateGame\Header\Font_PG.h" />
    <ClInclude Include="PirateGame\Header\QuadtreeHandler_PG.h" />
    <ClInclude Include="PirateGame\Header\Input_PG.h" />
    <ClInclude Include="PirateGame\Header\TextQueue_PG.h" />
    <ClInclude Include="PirateGame\Header\Globals_PG.h" />
  </ItemGroup>
  <ItemGroup>
    <Font Include="Fonts\MGS2.ttf">
      <Filter>Source Files\Fonts</Filter>
    </Font>
    <Font Include="Fonts\times_new_roman.ttf">
      <Filter>Source Files\Fonts</Filter>
    </Font>
    <Font Include="Fonts\PixelifySans-Bold.ttf">
      <Filter>Source Files\Fonts</Filter>
    </Font>
    <Font Include="Fonts\PixelifySans-Medium.ttf">
      <Filter>Source Files\Fonts</Filter>
    </Font>
    <Font Include="Fonts\PixelifySans-Regular.ttf">
      <Filter>Source Files\Fonts</Filter>
    </Font>
    <Font Include="Fonts\PixelifySans-SemiBold.ttf">
      <Filter>Source Files\Fonts</Filter>
    </Font>
  </ItemGroup>
  <ItemGroup>
    <Media Include="Sounds\bonk.wav">
      <Filter>Source Files\Sounds</Filter>
    </Media>
    <Media Include="Sounds\cannon_shot.wav">
      <Filter>Source Files\Sounds</Filter>
    </Media>
    <Media Include="Sounds\select.wav">
      <Filter>Source Files\Sounds</Filter>
    </Media>
    <Media Include="Sounds\cannon_impact.wav">
      <Filter>Source Files\Sounds</Filter>
    </Media>
  </ItemGroup>
  <ItemGroup>
    <Image Include="PlatformerGameSprites\stupidnicktankdog.png">
      <Filter>Source Files\Platformer\Sprites</Filter>
    </Image>
    <Image Include="PirateGameSprites\minimap_ship_icon.png">
      <Filter>Source Files\PirateGame\Sprites\HUD</Filter>
    </Image>
    <Image Include="PirateGameSprites\minimap_sprite.png">
      <Filter>Source Files\PirateGame\Sprites\HUD</Filter>
    </Image>
    <Image Include="PirateGameSprites\pg_island_1.png">
      <Filter>Source Files\PirateGame\Sprites\Landmass</Filter>
    </Image>
    <Image Include="PirateGameSprites\pg_island_2.png">
      <Filter>Source Files\PirateGame\Sprites\Landmass</Filter>
    </Image>
    <Image Include="PirateGameSprites\pg_rock_1.png">
      <Filter>Source Files\PirateGame\Sprites\Landmass</Filter>
    </Image>
    <Image Include="PirateGameSprites\pg_rock_2.png">
      <Filter>Source Files\PirateGame\Sprites\Landmass</Filter>
    </Image>
    <Image Include="PirateGameSprites\pg_rock_3.png">
      <Filter>Source Files\PirateGame\Sprites\Landmass</Filter>
    </Image>
    <Image Include="PirateGameSprites\pg_rock_5.png">
      <Filter>Source Files\PirateGame\Sprites\Landmass</Filter>
    </Image>
    <Image Include="PirateGameSprites\pg_rock_4.png">
      <Filter>Source Files\PirateGame\Sprites\Landmass</Filter>
    </Image>
    <Image Include="PirateGameSprites\pg_rock_6.png">
      <Filter>Source Files\PirateGame\Sprites\Landmass</Filter>
    </Image>
    <Image Include="PirateGameSprites\pg_rock_7.png">
      <Filter>Source Files\PirateGame\Sprites\Landmass</Filter>
    </Image>
    <Image Include="PirateGameSprites\pg_rock_8.png">
      <Filter>Source Files\PirateGame\Sprites\Landmass</Filter>
    </Image>
    <Image Include="PirateGameSprites\pg_rock_9.png">
      <Filter>Source Files\PirateGame\Sprites\Landmass</Filter>
    </Image>
    <Image Include="PirateGameSprites\health_bar_green.png">
      <Filter>Source Files\PirateGame\Sprites\HUD</Filter>
    </Image>
    <Image Include="PirateGameSprites\health_bar_red.png">
      <Filter>Source Files\PirateGame\Sprites\HUD</Filter>
    </Image>
    <Image Include="PirateGameSprites\Interactable_basic_gray_black.png">
      <Filter>Source Files\PirateGame\Sprites\Interactables</Filter>
    </Image>
    <Image Include="PirateGameSprites\settings_button.png">
      <Filter>Source Files\PirateGame\Sprites\HUD</Filter>
    </Image>
    <Image Include="PirateGameSprites\slider_track.png">
      <Filter>Source Files\PirateGame\Sprites\Interactables</Filter>
    </Image>
    <Image Include="PirateGameSprites\slider_thumb.png">
      <Filter>Source Files\PirateGame\Sprites\Interactables</Filter>
    </Image>
    <Image Include="PirateGameSprites\options_menu_background.png">
      <Filter>Source Files\PirateGame\Sprites\OptionsMenu</Filter>
    </Image>
    <Image Include="PirateGameSprites\options_menu_button_gray_left.png">
      <Filter>Source Files\PirateGame\Sprites\OptionsMenu</Filter>
    </Image>
    <Image Include="PirateGameSprites\options_menu_drop_down_right_gray.png">
      <Filter>Source Files\PirateGame\Sprites\OptionsMenu</Filter>
    </Image>
    <Image Include="PirateGameSprites\options_menu_tab.png">
      <Filter>Source Files\PirateGame\Sprites\OptionsMenu</Filter>
    </Image>
    <Image Include="PirateGameSprites\options_menu_right_interactable.png">
      <Filter>Source Files\PirateGame\Sprites\OptionsMenu</Filter>
    </Image>
    <Image Include="PirateGameSprites\HUD_info_icon.png">
      <Filter>Source Files\PirateGame\Sprites\HUD</Filter>
    </Image>
    <Image Include="PirateGameSprites\pg_misc_cannonball.png">
      <Filter>Source Files\PirateGame\Sprites\Ship\Misc</Filter>
    </Image>
    <Image Include="PirateGameSprites\pg_ship_brigantine.png">
      <Filter>Source Files\PirateGame\Sprites\Ship\Brigantine</Filter>
    </Image>
    <Image Include="PirateGameSprites\pg_ship_frigate.png">
      <Filter>Source Files\PirateGame\Sprites\Ship\Frigate</Filter>
    </Image>
    <Image Include="PirateGameSprites\pg_ship_frigate_cannon.png">
      <Filter>Source Files\PirateGame\Sprites\Ship\Frigate</Filter>
    </Image>
    <Image Include="PirateGameSprites\pg_ship_frigate_sail_back.png">
      <Filter>Source Files\PirateGame\Sprites\Ship\Frigate</Filter>
    </Image>
    <Image Include="PirateGameSprites\pg_ship_frigate_sail_front.png">
      <Filter>Source Files\PirateGame\Sprites\Ship\Frigate</Filter>
    </Image>
    <Image Include="PirateGameSprites\pg_ship_frigate_sail_middle.png">
      <Filter>Source Files\PirateGame\Sprites\Ship\Frigate</Filter>
    </Image>
    <Image Include="PirateGameSprites\pg_ship_galleon.png">
      <Filter>Source Files\PirateGame\Sprites\Ship\Galleon</Filter>
    </Image>
    <Image Include="PirateGameSprites\pg_ship_galleon_cannon.png">
      <Filter>Source Files\PirateGame\Sprites\Ship\Galleon</Filter>
    </Image>
    <Image Include="PirateGameSprites\pg_ship_manowar.png">
      <Filter>Source Files\PirateGame\Sprites\Ship\Manowar</Filter>
    </Image>
    <Image Include="PirateGameSprites\pg_ship_manowar_cannon.png">
      <Filter>Source Files\PirateGame\Sprites\Ship\Manowar</Filter>
    </Image>
    <Image Include="PirateGameSprites\pg_ship_sloop.png">
      <Filter>Source Files\PirateGame\Sprites\Ship\Sloop</Filter>
    </Image>
    <Image Include="PirateGameSprites\pg_ship_sloop_cannon.png">
      <Filter>Source Files\PirateGame\Sprites\Ship\Sloop</Filter>
    </Image>
    <Image Include="PirateGameSprites\pg_ship_brigantine_sail_back.png">
      <Filter>Source Files\PirateGame\Sprites\Ship\Brigantine</Filter>
    </Image>
    <Image Include="PirateGameSprites\pg_ship_brigantine_sail_front.png">
      <Filter>Source Files\PirateGame\Sprites\Ship\Brigantine</Filter>
    </Image>
    <Image Include="PirateGameSprites\pg_ship_galleon_sail_back.png">
      <Filter>Source Files\PirateGame\Sprites\Ship\Galleon</Filter>
    </Image>
    <Image Include="PirateGameSprites\pg_ship_galleon_sail_front.png">
      <Filter>Source Files\PirateGame\Sprites\Ship\Galleon</Filter>
    </Image>
    <Image Include="PirateGameSprites\pg_ship_galleon_sail_middle.png">
      <Filter>Source Files\PirateGame\Sprites\Ship\Galleon</Filter>
    </Image>
    <Image Include="PirateGameSprites\pg_ship_manowar_sail_front.png">
      <Filter>Source Files\PirateGame\Sprites\Ship\Manowar</Filter>
    </Image>
    <Image Include="PirateGameSprites\pg_ship_manowar_sail_back.png">
      <Filter>Source Files\PirateGame\Sprites\Ship\Manowar</Filter>
    </Image>
    <Image Include="PirateGameSprites\pg_ship_manowar_sail_back_middle.png">
      <Filter>Source Files\PirateGame\Sprites\Ship\Manowar</Filter>
    </Image>
    <Image Include="PirateGameSprites\pg_ship_manowar_sail_front_middle.png">
      <Filter>Source Files\PirateGame\Sprites\Ship\Manowar</Filter>
    </Image>
    <Image Include="PirateGameSprites\pg_ship_sloop_sail.png">
      <Filter>Source Files\PirateGame\Sprites\Ship\Sloop</Filter>
    </Image>
    <Image Include="PirateGameSprites\enter_island_menu_button.png">
      <Filter>Source Files\PirateGame\Sprites\Market\Initial</Filter>
    </Image>
    <Image Include="PirateGameSprites\enter_island_menu_initial.png">
      <Filter>Source Files\PirateGame\Sprites\Market\Initial</Filter>
    </Image>
    <Image Include="PirateGameSprites\island_banner.png">
      <Filter>Source Files\PirateGame\Sprites\Market\Initial</Filter>
    </Image>
    <Image Include="PirateGameSprites\market_buy_sell_dark_gray.png">
      <Filter>Source Files\PirateGame\Sprites\Market\Item Shop</Filter>
    </Image>
    <Image Include="PirateGameSprites\market_interactable_far_left_right_dark_gray.png">
      <Filter>Source Files\PirateGame\Sprites\Market\Item Shop</Filter>
    </Image>
    <Image Include="PirateGameSprites\market_menu.png">
      <Filter>Source Files\PirateGame\Sprites\Market\Item Shop</Filter>
    </Image>
    <Image Include="PirateGameSprites\market_top_left_right_dark_gray.png">
      <Filter>Source Files\PirateGame\Sprites\Market\Item Shop</Filter>
    </Image>
    <Image Include="PirateGameSprites\market_top_middle_dark_gray.png">
      <Filter>Source Files\PirateGame\Sprites\Market\Item Shop</Filter>
    </Image>
    <Image Include="PirateGameSprites\market_bottom_right_left.png">
      <Filter>Source Files\PirateGame\Sprites\Market\General</Filter>
    </Image>
    <Image Include="PirateGameSprites\market_bottom_middle.png">
      <Filter>Source Files\PirateGame\Sprites\Market\General</Filter>
    </Image>
    <Image Include="PirateGameSprites\market_left_right_navigation.png">
      <Filter>Source Files\PirateGame\Sprites\Market\General</Filter>
    </Image>
    <Image Include="PirateGameSprites\market_buy_ship_middle_left.png">
      <Filter>Source Files\PirateGame\Sprites\Market\Ship Shop</Filter>
    </Image>
    <Image Include="PirateGameSprites\market_buy_ship_middle_right.png">
      <Filter>Source Files\PirateGame\Sprites\Market\Ship Shop</Filter>
    </Image>
    <Image Include="PirateGameSprites\market_buy_ship_top_left.png">
      <Filter>Source Files\PirateGame\Sprites\Market\Ship Shop</Filter>
    </Image>
    <Image Include="PirateGameSprites\market_buy_ship_top_right.png">
      <Filter>Source Files\PirateGame\Sprites\Market\Ship Shop</Filter>
    </Image>
    <Image Include="PirateGameSprites\market_menu_buy_ship.png">
      <Filter>Source Files\PirateGame\Sprites\Market\Ship Shop</Filter>
    </Image>
    <Image Include="PirateGameSprites\water_tiles_sheet.png">
      <Filter>Source Files\PirateGame\Sprites\World</Filter>
    </Image>
    <Image Include="PirateGameSprites\scroll_bar_thumb.png">
      <Filter>Source Files\PirateGame\Sprites\Menu</Filter>
    </Image>
    <Image Include="PirateGameSprites\scroll_bar_track_extendable.png">
      <Filter>Source Files\PirateGame\Sprites\Menu</Filter>
    </Image>
    <Image Include="PirateGameSprites\inventory_menu.png">
      <Filter>Source Files\PirateGame\Sprites\Inventory Menu</Filter>
    </Image>
    <Image Include="PirateGameSprites\inventory_inventory_display.png">
      <Filter>Source Files\PirateGame\Sprites\Inventory Menu</Filter>
    </Image>
    <Image Include="PirateGameSprites\inventory_ship_display.png">
      <Filter>Source Files\PirateGame\Sprites\Inventory Menu</Filter>
    </Image>
    <Image Include="PirateGameSprites\inventory_text_display.png">
      <Filter>Source Files\PirateGame\Sprites\Inventory Menu</Filter>
    </Image>
    <Image Include="PirateGameSprites\inventory_menu_item_display.png">
      <Filter>Source Files\PirateGame\Sprites\Inventory Menu</Filter>
    </Image>
    <Image Include="PirateGameSprites\pg_shipwreck_1.png">
      <Filter>Source Files\PirateGame\Sprites\Landmass</Filter>
    </Image>
    <Image Include="PirateGameSprites\pg_ship_frigate_2.png">
      <Filter>Source Files\PirateGame\Sprites\Ship\Frigate</Filter>
    </Image>
    <Image Include="PirateGameSprites\pg_ship_frigate_2_sail_middle.png">
      <Filter>Source Files\PirateGame\Sprites\Ship\Frigate</Filter>
    </Image>
    <Image Include="PirateGameSprites\pg_ship_frigate_2_sail_front.png">
      <Filter>Source Files\PirateGame\Sprites\Ship\Frigate</Filter>
    </Image>
    <Image Include="PirateGameSprites\pg_ship_frigate_2_sail_back.png">
      <Filter>Source Files\PirateGame\Sprites\Ship\Frigate</Filter>
    </Image>
    <Image Include="PirateGameSprites\pg_ship_frigate_2_cannon.png">
      <Filter>Source Files\PirateGame\Sprites\Ship\Frigate</Filter>
    </Image>
    <Image Include="PirateGameSprites\pg_ship_brigantine_2.png" />
    <Image Include="PirateGameSprites\pg_ship_brigantine_2_sail_back.png" />
    <Image Include="PirateGameSprites\pg_ship_brigantine_2_sail_front.png" />
    <Image Include="PirateGameSprites\pg_ship_brigantine_3.png" />
    <Image Include="PirateGameSprites\pg_ship_brigantine_3_sail_back.png" />
    <Image Include="PirateGameSprites\pg_ship_brigantine_3_sail_front.png" />
    <Image Include="PirateGameSprites\pg_ship_brigantine_4.png" />
    <Image Include="PirateGameSprites\pg_ship_brigantine_4_sail_back.png" />
    <Image Include="PirateGameSprites\pg_ship_brigantine_4_sail_front.png" />
    <Image Include="PirateGameSprites\pg_ship_brigantine_5.png" />
    <Image Include="PirateGameSprites\pg_ship_brigantine_5_sail_back.png" />
    <Image Include="PirateGameSprites\pg_ship_brigantine_5_sail_front.png" />
    <Image Include="PirateGameSprites\PirateGameSpritesAsepriteFiles\pg_ship_brigantine_2_cannon.png" />
    <Image Include="PirateGameSprites\PirateGameSpritesAsepriteFiles\pg_ship_brigantine_3_cannon.png" />
    <Image Include="PirateGameSprites\PirateGameSpritesAsepriteFiles\pg_ship_brigantine_4_cannon.png" />
    <Image Include="PirateGameSprites\PirateGameSpritesAsepriteFiles\pg_ship_brigantine_5_cannon.png" />
    <Image Include="PirateGameSprites\PirateGameSpritesAsepriteFiles\pg_ship_brigantine_cannon.png" />
  </ItemGroup>
  <ItemGroup>
    <Text Include="AimTrainer\Misc\HighScores.txt">
      <Filter>Source Files\AimTrainer\Misc</Filter>
    </Text>
  </ItemGroup>
  <ItemGroup>
    <None Include="PirateGame\json\gameConfig.json">
      <Filter>Source Files\PirateGame\JSON</Filter>
    </None>
    <None Include="PirateGame\json\saveFile.json">
      <Filter>Source Files\PirateGame\JSON</Filter>
    </None>
  </ItemGroup>
</Project>