<?xml version="1.0" encoding="utf-8"?>
<Project ToolsVersion="4.0" xmlns="http://schemas.microsoft.com/developer/msbuild/2003">
  <ItemGroup>
    <Filter Include="Source Files">
      <UniqueIdentifier>{4FC737F1-C7A5-4376-A066-2A32D752A2FF}</UniqueIdentifier>
      <Extensions>cpp;c;cc;cxx;c++;cppm;ixx;def;odl;idl;hpj;bat;asm;asmx</Extensions>
    </Filter>
    <Filter Include="Agario Header Files">
      <UniqueIdentifier>{93995380-89BD-4b04-88EB-625FBE52EBFB}</UniqueIdentifier>
      <Extensions>h;hh;hpp;hxx;h++;hm;inl;inc;ipp;xsd</Extensions>
    </Filter>
    <Filter Include="Agario Resource Files">
      <UniqueIdentifier>{67DA6AB6-F800-4c08-8B7A-83BB121AAD01}</UniqueIdentifier>
      <Extensions>rc;ico;cur;bmp;dlg;rc2;rct;bin;rgs;gif;jpg;jpeg;jpe;resx;tiff;tif;png;wav;mfcribbon-ms</Extensions>
    </Filter>
    <Filter Include="AimTrainer Header Files">
      <UniqueIdentifier>{7cebdde7-1599-4492-a1ee-ddc6d08dbc9b}</UniqueIdentifier>
    </Filter>
    <Filter Include="AimTrainer Resource Files">
      <UniqueIdentifier>{2e432e30-f6a5-4bd3-a370-48b40581d0c9}</UniqueIdentifier>
    </Filter>
  </ItemGroup>
  <ItemGroup>
    <ClCompile Include="main.cpp">
      <Filter>Source Files</Filter>
    </ClCompile>
    <ClCompile Include="Circle.cpp">
      <Filter>Agario Resource Files</Filter>
    </ClCompile>
    <ClCompile Include="World.cpp">
      <Filter>Agario Resource Files</Filter>
    </ClCompile>
    <ClCompile Include="Pellet.cpp">
      <Filter>Agario Resource Files</Filter>
    </ClCompile>
    <ClCompile Include="Hashmap.cpp">
      <Filter>Agario Resource Files</Filter>
    </ClCompile>
    <ClCompile Include="Map.cpp">
      <Filter>Agario Resource Files</Filter>
    </ClCompile>
    <ClCompile Include="Globals.cpp">
      <Filter>Agario Resource Files</Filter>
    </ClCompile>
    <ClCompile Include="CellGroup.cpp">
      <Filter>Agario Resource Files</Filter>
    </ClCompile>
    <ClCompile Include="CollisionManager.cpp">
      <Filter>Agario Resource Files</Filter>
    </ClCompile>
    <ClCompile Include="PelletHandler.cpp">
      <Filter>Agario Resource Files</Filter>
    </ClCompile>
    <ClCompile Include="Debugger.cpp">
      <Filter>Agario Resource Files</Filter>
    </ClCompile>
    <ClCompile Include="InputHandler.cpp">
      <Filter>Agario Resource Files</Filter>
    </ClCompile>
    <ClCompile Include="Arena.cpp">
      <Filter>AimTrainer Resource Files</Filter>
    </ClCompile>
    <ClCompile Include="Crosshair.cpp">
      <Filter>AimTrainer Resource Files</Filter>
    </ClCompile>
    <ClCompile Include="Target.cpp">
      <Filter>AimTrainer Resource Files</Filter>
    </ClCompile>
    <ClCompile Include="AimTrainerHashmap.cpp">
      <Filter>AimTrainer Resource Files</Filter>
    </ClCompile>
  </ItemGroup>
  <ItemGroup>
    <Font Include="..\..\..\Downloads\times_new_roman.ttf">
      <Filter>Source Files</Filter>
    </Font>
  </ItemGroup>
  <ItemGroup>
    <ClInclude Include="Circle.h">
      <Filter>Agario Header Files</Filter>
    </ClInclude>
    <ClInclude Include="World.h">
      <Filter>Agario Header Files</Filter>
    </ClInclude>
    <ClInclude Include="Pellet.h">
      <Filter>Agario Header Files</Filter>
    </ClInclude>
    <ClInclude Include="Globals.h">
      <Filter>Agario Header Files</Filter>
    </ClInclude>
    <ClInclude Include="Hashmap.h">
      <Filter>Agario Header Files</Filter>
    </ClInclude>
    <ClInclude Include="Map.h">
      <Filter>Agario Header Files</Filter>
    </ClInclude>
    <ClInclude Include="CellGroup.h">
      <Filter>Agario Header Files</Filter>
    </ClInclude>
    <ClInclude Include="CollisionManager.h">
      <Filter>Agario Header Files</Filter>
    </ClInclude>
    <ClInclude Include="PelletHandler.h">
      <Filter>Agario Header Files</Filter>
    </ClInclude>
    <ClInclude Include="Debugger.h">
      <Filter>Agario Header Files</Filter>
    </ClInclude>
    <ClInclude Include="InputHandler.h">
      <Filter>Agario Header Files</Filter>
    </ClInclude>
    <ClInclude Include="Target.h">
      <Filter>AimTrainer Header Files</Filter>
    </ClInclude>
    <ClInclude Include="Crosshair.h">
      <Filter>AimTrainer Header Files</Filter>
    </ClInclude>
    <ClInclude Include="Arena.h">
      <Filter>AimTrainer Header Files</Filter>
    </ClInclude>
    <ClInclude Include="AimTrainerHashmap.h">
      <Filter>AimTrainer Header Files</Filter>
    </ClInclude>
  </ItemGroup>
</Project>